
Microsoft Visual Studio Solution File, Format Version 12.00
# Visual Studio Version 17
VisualStudioVersion = 17.13.35919.96 d17.13
MinimumVisualStudioVersion = 10.0.40219.1
Project("{FAE04EC0-301F-11D3-BF4B-00C04F79EFBC}") = "Application", "Application\Application.csproj", "{4843C377-3C62-421D-98D1-630732C00682}"
EndProject
Project("{FAE04EC0-301F-11D3-BF4B-00C04F79EFBC}") = "Domain", "Domain\Domain.csproj", "{586B2743-AAD9-4F4A-A533-931A36D8F0FB}"
EndProject
Project("{FAE04EC0-301F-11D3-BF4B-00C04F79EFBC}") = "Infrastructure", "Infrastructure\Infrastructure.csproj", "{71CA7190-95D7-449A-BDA6-63C36B00FCA7}"
EndProject
Project("{FAE04EC0-301F-11D3-BF4B-00C04F79EFBC}") = "Share", "Share\Share.csproj", "{CE7F0024-258F-4EAE-9011-02E07EB7D34B}"
EndProject
Project("{FAE04EC0-301F-11D3-BF4B-00C04F79EFBC}") = "WebAPI", "WebAPI\WebAPI.csproj", "{81A08ADC-BBCB-497C-B0B1-2A063984F97C}"
EndProject
Global
	GlobalSection(SolutionConfigurationPlatforms) = preSolution
		Debug|Any CPU = Debug|Any CPU
		Release|Any CPU = Release|Any CPU
	EndGlobalSection
	GlobalSection(ProjectConfigurationPlatforms) = postSolution
		{4843C377-3C62-421D-98D1-630732C00682}.Debug|Any CPU.ActiveCfg = Debug|Any CPU
		{4843C377-3C62-421D-98D1-630732C00682}.Debug|Any CPU.Build.0 = Debug|Any CPU
		{4843C377-3C62-421D-98D1-630732C00682}.Release|Any CPU.ActiveCfg = Release|Any CPU
		{4843C377-3C62-421D-98D1-630732C00682}.Release|Any CPU.Build.0 = Release|Any CPU
		{586B2743-AAD9-4F4A-A533-931A36D8F0FB}.Debug|Any CPU.ActiveCfg = Debug|Any CPU
		{586B2743-AAD9-4F4A-A533-931A36D8F0FB}.Debug|Any CPU.Build.0 = Debug|Any CPU
		{586B2743-AAD9-4F4A-A533-931A36D8F0FB}.Release|Any CPU.ActiveCfg = Release|Any CPU
		{586B2743-AAD9-4F4A-A533-931A36D8F0FB}.Release|Any CPU.Build.0 = Release|Any CPU
		{71CA7190-95D7-449A-BDA6-63C36B00FCA7}.Debug|Any CPU.ActiveCfg = Debug|Any CPU
		{71CA7190-95D7-449A-BDA6-63C36B00FCA7}.Debug|Any CPU.Build.0 = Debug|Any CPU
		{71CA7190-95D7-449A-BDA6-63C36B00FCA7}.Release|Any CPU.ActiveCfg = Release|Any CPU
		{71CA7190-95D7-449A-BDA6-63C36B00FCA7}.Release|Any CPU.Build.0 = Release|Any CPU
		{CE7F0024-258F-4EAE-9011-02E07EB7D34B}.Debug|Any CPU.ActiveCfg = Debug|Any CPU
		{CE7F0024-258F-4EAE-9011-02E07EB7D34B}.Debug|Any CPU.Build.0 = Debug|Any CPU
		{CE7F0024-258F-4EAE-9011-02E07EB7D34B}.Release|Any CPU.ActiveCfg = Release|Any CPU
		{CE7F0024-258F-4EAE-9011-02E07EB7D34B}.Release|Any CPU.Build.0 = Release|Any CPU
		{81A08ADC-BBCB-497C-B0B1-2A063984F97C}.Debug|Any CPU.ActiveCfg = Debug|Any CPU
		{81A08ADC-BBCB-497C-B0B1-2A063984F97C}.Debug|Any CPU.Build.0 = Debug|Any CPU
		{81A08ADC-BBCB-497C-B0B1-2A063984F97C}.Release|Any CPU.ActiveCfg = Release|Any CPU
		{81A08ADC-BBCB-497C-B0B1-2A063984F97C}.Release|Any CPU.Build.0 = Release|Any CPU
	EndGlobalSection
	GlobalSection(SolutionProperties) = preSolution
		HideSolutionNode = FALSE
	EndGlobalSection
	GlobalSection(ExtensibilityGlobals) = postSolution
		SolutionGuid = {19651DA2-8635-4A46-8A25-0EED7EAA82DC}
	EndGlobalSection
EndGlobal
